
Microsoft Visual Studio Solution File, Format Version 12.00
# Visual Studio Version 17
VisualStudioVersion = 17.4.33213.308
MinimumVisualStudioVersion = 10.0.40219.1
Project("{FAE04EC0-301F-11D3-BF4B-00C04F79EFBC}") = "VbDbSqlite3", "VbDbSqlite3.csproj", "{E6B31E6C-4B96-4F78-9DDA-669A3C6E3830}"
EndProject
Global
	GlobalSection(SolutionConfigurationPlatforms) = preSolution
		Debug|Any CPU = Debug|Any CPU
		Release|Any CPU = Release|Any CPU
	EndGlobalSection
	GlobalSection(ProjectConfigurationPlatforms) = postSolution
		{E6B31E6C-4B96-4F78-9DDA-669A3C6E3830}.Debug|Any CPU.ActiveCfg = Debug|Any CPU
		{E6B31E6C-4B96-4F78-9DDA-669A3C6E3830}.Debug|Any CPU.Build.0 = Debug|Any CPU
		{E6B31E6C-4B96-4F78-9DDA-669A3C6E3830}.Release|Any CPU.ActiveCfg = Release|Any CPU
		{E6B31E6C-4B96-4F78-9DDA-669A3C6E3830}.Release|Any CPU.Build.0 = Release|Any CPU
	EndGlobalSection
	GlobalSection(SolutionProperties) = preSolution
		HideSolutionNode = FALSE
	EndGlobalSection
	GlobalSection(ExtensibilityGlobals) = postSolution
		SolutionGuid = {37C61717-C75D-4702-B7BD-632F13950EA3}
	EndGlobalSection
EndGlobal
